
Microsoft Visual Studio Solution File, Format Version 12.00
# Visual Studio Version 17
VisualStudioVersion = 17.6.33723.286
MinimumVisualStudioVersion = 10.0.40219.1
Project("{FAE04EC0-301F-11D3-BF4B-00C04F79EFBC}") = "GameStoreBeKPeter", "GameStoreBeKPeter\GameStoreBeKPeter.csproj", "{E41DFB28-7D7E-41F4-B9F0-B9D1FA7EA343}"
EndProject
Global
	GlobalSection(SolutionConfigurationPlatforms) = preSolution
		Debug|Any CPU = Debug|Any CPU
		Release|Any CPU = Release|Any CPU
	EndGlobalSection
	GlobalSection(ProjectConfigurationPlatforms) = postSolution
		{E41DFB28-7D7E-41F4-B9F0-B9D1FA7EA343}.Debug|Any CPU.ActiveCfg = Debug|Any CPU
		{E41DFB28-7D7E-41F4-B9F0-B9D1FA7EA343}.Debug|Any CPU.Build.0 = Debug|Any CPU
		{E41DFB28-7D7E-41F4-B9F0-B9D1FA7EA343}.Release|Any CPU.ActiveCfg = Release|Any CPU
		{E41DFB28-7D7E-41F4-B9F0-B9D1FA7EA343}.Release|Any CPU.Build.0 = Release|Any CPU
	EndGlobalSection
	GlobalSection(SolutionProperties) = preSolution
		HideSolutionNode = FALSE
	EndGlobalSection
	GlobalSection(ExtensibilityGlobals) = postSolution
		SolutionGuid = {8A5A1E14-8A09-4F29-ABAC-84AAEC98E907}
	EndGlobalSection
EndGlobal
